#
# This file is autogenerated by pip-compile with Python 3.10
# by the following command:
#
#    pip-compile --no-emit-index-url --no-emit-trusted-host --output-file=requirements.lock pyproject.toml
#
certifi==2026.4.22
    # via requests
charset-normalizer==3.4.7
    # via requests
idna==3.13
    # via requests
requests==2.33.1
    # via noisy (pyproject.toml)
urllib3==2.6.3
    # via requests
